
Microsoft Visual Studio Solution File, Format Version 12.00
# Visual Studio Version 17
VisualStudioVersion = 17.5.33627.172
MinimumVisualStudioVersion = 10.0.40219.1
Project("{FAE04EC0-301F-11D3-BF4B-00C04F79EFBC}") = "MouseJiggler", "MouseJiggler.csproj", "{D5D0BBDB-D845-4E17-B20F-8067358C2999}"
EndProject
Global
	GlobalSection(SolutionConfigurationPlatforms) = preSolution
		Debug|Any CPU = Debug|Any CPU
		Release|Any CPU = Release|Any CPU
	EndGlobalSection
	GlobalSection(ProjectConfigurationPlatforms) = postSolution
		{D5D0BBDB-D845-4E17-B20F-8067358C2999}.Debug|Any CPU.ActiveCfg = Debug|Any CPU
		{D5D0BBDB-D845-4E17-B20F-8067358C2999}.Debug|Any CPU.Build.0 = Debug|Any CPU
		{D5D0BBDB-D845-4E17-B20F-8067358C2999}.Release|Any CPU.ActiveCfg = Release|Any CPU
		{D5D0BBDB-D845-4E17-B20F-8067358C2999}.Release|Any CPU.Build.0 = Release|Any CPU
	EndGlobalSection
	GlobalSection(SolutionProperties) = preSolution
		HideSolutionNode = FALSE
	EndGlobalSection
	GlobalSection(ExtensibilityGlobals) = postSolution
		SolutionGuid = {D110ABFF-B6D6-44D2-974E-89CF3712007F}
	EndGlobalSection
EndGlobal
